{
  "version": 4,
  "terraform_version": "1.2.3",
  "serial": 6,
  "lineage": "03bcb8b7-df30-7ac4-9a12-54aaeebad9af",
  "outputs": {},
  "resources": [
    {
      "mode": "managed",
      "type": "aws_vpc",
      "name": "vpc",
      "provider": "provider[\"registry.terraform.io/hashicorp/aws\"]",
      "instances": [
        {
          "schema_version": 1,
          "attributes": {
            "arn": "arn:aws:ec2:eu-west-3:657875069774:vpc/vpc-06fee28c34d2c0171",
            "assign_generated_ipv6_cidr_block": false,
            "cidr_block": "10.8.0.0/16",
            "default_network_acl_id": "acl-06eae8012e16dc1ae",
            "default_route_table_id": "rtb-0b9f9cf8979000eb5",
            "default_security_group_id": "sg-09f0971b1d9049b7e",
            "dhcp_options_id": "dopt-0b56865ebf985884e",
            "enable_classiclink": false,
            "enable_classiclink_dns_support": false,
            "enable_dns_hostnames": false,
            "enable_dns_support": true,
            "id": "vpc-06fee28c34d2c0171",
            "instance_tenancy": "default",
            "ipv4_ipam_pool_id": null,
            "ipv4_netmask_length": null,
            "ipv6_association_id": "",
            "ipv6_cidr_block": "",
            "ipv6_cidr_block_network_border_group": "",
            "ipv6_ipam_pool_id": "",
            "ipv6_netmask_length": 0,
            "main_route_table_id": "rtb-0b9f9cf8979000eb5",
            "owner_id": "657875069774",
            "tags": {
              "Name": "ipnotics"
            },
            "tags_all": {
              "Name": "ipnotics"
            }
          },
          "sensitive_attributes": [],
          "private": "eyJzY2hlbWFfdmVyc2lvbiI6IjEifQ=="
        }
      ]
    }
  ]
}
